
Microsoft Visual Studio Solution File, Format Version 12.00
# Visual Studio Version 17
VisualStudioVersion = 17.5.33530.505
MinimumVisualStudioVersion = 10.0.40219.1
Project("{FAE04EC0-301F-11D3-BF4B-00C04F79EFBC}") = "CarClassLibrary", "CarClassLibrary.csproj", "{D95B0373-8578-4EA4-AA2B-565072F0B5CD}"
EndProject
Project("{FAE04EC0-301F-11D3-BF4B-00C04F79EFBC}") = "CarShopConsoleApp", "..\CarShopConsoleApp\CarShopConsoleApp.csproj", "{FA5EE711-8702-4A29-9788-D6F50B430C57}"
EndProject
Global
	GlobalSection(SolutionConfigurationPlatforms) = preSolution
		Debug|Any CPU = Debug|Any CPU
		Release|Any CPU = Release|Any CPU
	EndGlobalSection
	GlobalSection(ProjectConfigurationPlatforms) = postSolution
		{D95B0373-8578-4EA4-AA2B-565072F0B5CD}.Debug|Any CPU.ActiveCfg = Debug|Any CPU
		{D95B0373-8578-4EA4-AA2B-565072F0B5CD}.Debug|Any CPU.Build.0 = Debug|Any CPU
		{D95B0373-8578-4EA4-AA2B-565072F0B5CD}.Release|Any CPU.ActiveCfg = Release|Any CPU
		{D95B0373-8578-4EA4-AA2B-565072F0B5CD}.Release|Any CPU.Build.0 = Release|Any CPU
		{FA5EE711-8702-4A29-9788-D6F50B430C57}.Debug|Any CPU.ActiveCfg = Debug|Any CPU
		{FA5EE711-8702-4A29-9788-D6F50B430C57}.Debug|Any CPU.Build.0 = Debug|Any CPU
		{FA5EE711-8702-4A29-9788-D6F50B430C57}.Release|Any CPU.ActiveCfg = Release|Any CPU
		{FA5EE711-8702-4A29-9788-D6F50B430C57}.Release|Any CPU.Build.0 = Release|Any CPU
	EndGlobalSection
	GlobalSection(SolutionProperties) = preSolution
		HideSolutionNode = FALSE
	EndGlobalSection
	GlobalSection(ExtensibilityGlobals) = postSolution
		SolutionGuid = {97EBCA70-286F-440E-B408-381746D0DC25}
	EndGlobalSection
EndGlobal
